
Microsoft Visual Studio Solution File, Format Version 12.00
# Visual Studio Version 16
VisualStudioVersion = 16.0.31515.178
MinimumVisualStudioVersion = 10.0.40219.1
Project("{9A19103F-16F7-4668-BE54-9A1E7A4F7556}") = "Yamcs.Server", "Yamcs\Server\Yamcs.Server.csproj", "{AF74EB21-7611-4A68-ACEC-0B82C0F539BC}"
EndProject
Project("{9A19103F-16F7-4668-BE54-9A1E7A4F7556}") = "Yamcs.Client", "Yamcs\Client\Yamcs.Client.csproj", "{4521ECF5-1538-42C6-B311-4D3DC5C9A881}"
EndProject
Project("{9A19103F-16F7-4668-BE54-9A1E7A4F7556}") = "Yamcs.Shared", "Yamcs\Shared\Yamcs.Shared.csproj", "{3C9BF24B-2BFE-4505-867F-D22CECAEDC87}"
EndProject
Global
	GlobalSection(SolutionConfigurationPlatforms) = preSolution
		Debug|Any CPU = Debug|Any CPU
		Release|Any CPU = Release|Any CPU
	EndGlobalSection
	GlobalSection(ProjectConfigurationPlatforms) = postSolution
		{AF74EB21-7611-4A68-ACEC-0B82C0F539BC}.Debug|Any CPU.ActiveCfg = Debug|Any CPU
		{AF74EB21-7611-4A68-ACEC-0B82C0F539BC}.Debug|Any CPU.Build.0 = Debug|Any CPU
		{AF74EB21-7611-4A68-ACEC-0B82C0F539BC}.Release|Any CPU.ActiveCfg = Release|Any CPU
		{AF74EB21-7611-4A68-ACEC-0B82C0F539BC}.Release|Any CPU.Build.0 = Release|Any CPU
		{4521ECF5-1538-42C6-B311-4D3DC5C9A881}.Debug|Any CPU.ActiveCfg = Debug|Any CPU
		{4521ECF5-1538-42C6-B311-4D3DC5C9A881}.Debug|Any CPU.Build.0 = Debug|Any CPU
		{4521ECF5-1538-42C6-B311-4D3DC5C9A881}.Release|Any CPU.ActiveCfg = Release|Any CPU
		{4521ECF5-1538-42C6-B311-4D3DC5C9A881}.Release|Any CPU.Build.0 = Release|Any CPU
		{3C9BF24B-2BFE-4505-867F-D22CECAEDC87}.Debug|Any CPU.ActiveCfg = Debug|Any CPU
		{3C9BF24B-2BFE-4505-867F-D22CECAEDC87}.Debug|Any CPU.Build.0 = Debug|Any CPU
		{3C9BF24B-2BFE-4505-867F-D22CECAEDC87}.Release|Any CPU.ActiveCfg = Release|Any CPU
		{3C9BF24B-2BFE-4505-867F-D22CECAEDC87}.Release|Any CPU.Build.0 = Release|Any CPU
	EndGlobalSection
	GlobalSection(SolutionProperties) = preSolution
		HideSolutionNode = FALSE
	EndGlobalSection
	GlobalSection(ExtensibilityGlobals) = postSolution
		SolutionGuid = {D0B381A7-690D-47E2-920F-43D144F2A16C}
	EndGlobalSection
EndGlobal
